
Microsoft Visual Studio Solution File, Format Version 12.00
# Visual Studio Version 17
VisualStudioVersion = 17.8.34309.116
MinimumVisualStudioVersion = 10.0.40219.1
Project("{FAE04EC0-301F-11D3-BF4B-00C04F79EFBC}") = "Serialization", "Serialization\Serialization.csproj", "{BDDE0F88-3423-4B31-9DEA-B79DD6DDEBFD}"
EndProject
Global
	GlobalSection(SolutionConfigurationPlatforms) = preSolution
		Debug|Any CPU = Debug|Any CPU
		Release|Any CPU = Release|Any CPU
	EndGlobalSection
	GlobalSection(ProjectConfigurationPlatforms) = postSolution
		{BDDE0F88-3423-4B31-9DEA-B79DD6DDEBFD}.Debug|Any CPU.ActiveCfg = Debug|Any CPU
		{BDDE0F88-3423-4B31-9DEA-B79DD6DDEBFD}.Debug|Any CPU.Build.0 = Debug|Any CPU
		{BDDE0F88-3423-4B31-9DEA-B79DD6DDEBFD}.Release|Any CPU.ActiveCfg = Release|Any CPU
		{BDDE0F88-3423-4B31-9DEA-B79DD6DDEBFD}.Release|Any CPU.Build.0 = Release|Any CPU
	EndGlobalSection
	GlobalSection(SolutionProperties) = preSolution
		HideSolutionNode = FALSE
	EndGlobalSection
	GlobalSection(ExtensibilityGlobals) = postSolution
		SolutionGuid = {2BDB8EA9-4751-4D8B-94C6-01723035F430}
	EndGlobalSection
EndGlobal
